# This file is autogenerated, do not edit; changes may be undone by the next 'dep ensure'.


[[projects]]
  branch = "master"
  digest = "1:a621cf5671d76af0f66731e0de94a441971315845d0b228601c04b1e0a329b01"
  name = "github.com/AlekSi/gocov-xml"
  packages = ["."]
  pruneopts = ""
  revision = "dee33fe4b4adad5fdcad993f498fb4450d5be0a1"

[[projects]]
  digest = "1:9d57e200ef5ccc4217fe0a34287308bac652435e7c6513f6263e0493d2245c56"
  name = "github.com/Sirupsen/logrus"
  packages = ["."]
  pruneopts = ""
  revision = "bcd833dfe83d3cebad139e4a29ed79cb2318bf95"
  version = "v1.2.0"

[[projects]]
  digest = "1:0df377184583929dc6e7cb503d6671ed41e1a013a4c870304bf3215a5ef721f0"
  name = "github.com/alecthomas/gometalinter"
  packages = ["."]
  pruneopts = ""
  revision = "17a7ffa42374937bfecabfb8d2efbd4db0c26741"
  version = "v2.0.11"

[[projects]]
  branch = "master"
  digest = "1:8483994d21404c8a1d489f6be756e25bfccd3b45d65821f25695577791a08e68"
  name = "github.com/alecthomas/units"
  packages = ["."]
  pruneopts = ""
  revision = "2efee857e7cfd4f3d0138cc3cbb1b4966962b93a"

[[projects]]
  branch = "master"
  digest = "1:3cce78d5d0090e3f1162945fba60ba74e72e8422e8e41bb9c701afb67237bb65"
  name = "github.com/alicebob/gopher-json"
  packages = ["."]
  pruneopts = ""
  revision = "5a6b3ba71ee69b77cf64febf8b5a7526ca5eaef0"

[[projects]]
  digest = "1:8c4ee680f6dd006341afb7e6ac7774537932c3f06c5b35d1d76cdba1b132d73b"
  name = "github.com/alicebob/miniredis"
  packages = [
    ".",
    "server",
  ]
  pruneopts = ""
  revision = "3657542c8629876a1fa83e0b30a0246a67ffa652"
  version = "v2.4.5"

[[projects]]
  branch = "master"
  digest = "1:2b14b0eef3da0108cce74dd4d272dab2e67a0ba6290355a769877d1ddb90da4c"
  name = "github.com/andres-erbsen/clock"
  packages = ["."]
  pruneopts = ""
  revision = "9e14626cd129ba01ccb6806bcca9d523e570aaf0"

[[projects]]
  digest = "1:f6b20b9377cb5f08d7c4ce7f3319f96d70292aaf5fc595f253400ab03abcf0f5"
  name = "github.com/apourchet/commander"
  packages = [
    ".",
    "utils",
  ]
  pruneopts = ""
  revision = "c9557032886500c2d43d91c900432f67d18ce83b"
  version = "v1.4.10"

[[projects]]
  branch = "master"
  digest = "1:9058597b266993ad136b22ffd05a53a47afc5c19ce3e4d5a2ed6da19406eead6"
  name = "github.com/axw/gocov"
  packages = [
    ".",
    "gocov",
    "gocov/internal/testflag",
    "gocovutil",
  ]
  pruneopts = ""
  revision = "3a69a0d2a4ef1f263e2d92b041a69593d6964fe8"

[[projects]]
  digest = "1:dbf28ceee27335219701dd4c6639c767eee31e2abb61485cdb1044587a04c077"
  name = "github.com/client9/misspell"
  packages = [
    ".",
    "cmd/misspell",
  ]
  pruneopts = ""
  revision = "b90dc15cfd220ecf8bbc9043ecb928cef381f011"
  version = "v0.3.4"

[[projects]]
  digest = "1:56c130d885a4aacae1dd9c7b71cfe39912c7ebc1ff7d2b46083c8812996dc43b"
  name = "github.com/davecgh/go-spew"
  packages = ["spew"]
  pruneopts = ""
  revision = "346938d642f2ec3594ed81d874461961cd0faa76"
  version = "v1.1.0"

[[projects]]
  digest = "1:a9e4ff75555e4500e409dc87c1d708b090bb8dd77f889bbf266773f3dc23af70"
  name = "github.com/docker/distribution"
  packages = [
    ".",
    "context",
    "digest",
    "reference",
    "registry/api/errcode",
    "registry/api/v2",
    "registry/client",
    "registry/client/auth",
    "registry/client/auth/challenge",
    "registry/client/transport",
    "registry/storage/cache",
    "registry/storage/cache/memory",
    "uuid",
  ]
  pruneopts = ""
  revision = "48294d928ced5dd9b378f7fd7c6f5da3ff3f2c89"
  version = "v2.6.2"

[[projects]]
  digest = "1:d4089b491ec71d84414ab5cc402df6b18fe1f83174091bfbe7ee3d03dd5c3472"
  name = "github.com/docker/engine-api"
  packages = [
    "types",
    "types/blkiodev",
    "types/container",
    "types/filters",
    "types/network",
    "types/registry",
    "types/strslice",
    "types/swarm",
    "types/versions",
  ]
  pruneopts = ""
  revision = "3d1601b9d2436a70b0dfc045a23f6503d19195df"
  version = "v0.4.0"

[[projects]]
  digest = "1:ebe593d8b65a2947b78b6e164a2dac1a230b977a700b694da3a398b03b7afb04"
  name = "github.com/docker/go-connections"
  packages = ["nat"]
  pruneopts = ""
  revision = "7395e3f8aa162843a74ed6d48e79627d9792ac55"
  version = "v0.4.0"

[[projects]]
  digest = "1:582d54fcb7233da8dde1dfd2210a5b9675d0685f84246a8d317b07d680c18b1b"
  name = "github.com/docker/go-units"
  packages = ["."]
  pruneopts = ""
  revision = "47565b4f722fb6ceae66b95f853feed578a4a51c"
  version = "v0.3.3"

[[projects]]
  digest = "1:9525d0e79ccf382e32edeef466b9a91f16eb0eebdca5971a03fad1bb3be9cd89"
  name = "github.com/garyburd/redigo"
  packages = [
    "internal",
    "redis",
  ]
  pruneopts = ""
  revision = "a69d19351219b6dd56f274f96d85a7014a2ec34e"
  version = "v1.6.0"

[[projects]]
  digest = "1:73a7106c799f98af4f3da7552906efc6a2570329f4cd2d2f5fb8f9d6c053ff2f"
  name = "github.com/golang/mock"
  packages = [
    "gomock",
    "mockgen",
    "mockgen/model",
  ]
  pruneopts = ""
  revision = "c34cdb4725f4c3844d095133c6e40e448b86589b"
  version = "v1.1.1"

[[projects]]
  digest = "1:dcf8316121302735c0ac84e05f4686e3b34e284444435e9a206da48d8be18cb1"
  name = "github.com/gomodule/redigo"
  packages = [
    "internal",
    "redis",
  ]
  pruneopts = ""
  revision = "9c11da706d9b7902c6da69c592f75637793fe121"
  version = "v2.0.0"

[[projects]]
  branch = "master"
  digest = "1:d0899ec7c2f61fd5e4ccba7dbefe72e366a3ecce23ecdb982c768fa1d38812fb"
  name = "github.com/google/shlex"
  packages = ["."]
  pruneopts = ""
  revision = "c34317bd91bf98fab745d77b03933cf8769299fe"

[[projects]]
  digest = "1:dbbeb8ddb0be949954c8157ee8439c2adfd8dc1c9510eb44a6e58cb68c3dce28"
  name = "github.com/gorilla/context"
  packages = ["."]
  pruneopts = ""
  revision = "08b5f424b9271eedf6f9f0ce86cb9396ed337a42"
  version = "v1.1.1"

[[projects]]
  digest = "1:c2c8666b4836c81a1d247bdf21c6a6fc1ab586538ab56f74437c2e0df5c375e1"
  name = "github.com/gorilla/mux"
  packages = ["."]
  pruneopts = ""
  revision = "e3702bed27f0d39777b0b37b664b6280e8ef8fbf"
  version = "v1.6.2"

[[projects]]
  digest = "1:d26c006cbf54ca5c040463d5678013169e2bd91fb62c2f960ae283a1723d4278"
  name = "github.com/juju/ratelimit"
  packages = ["."]
  pruneopts = ""
  revision = "59fac5042749a5afb9af70e813da1dd5474f0167"
  version = "1.0.1"

[[projects]]
  digest = "1:064eb4d2277fb6a23944380644268b99acc0ae0576c72d0b6d7288d3c2fe4a1e"
  name = "github.com/klauspost/compress"
  packages = ["flate"]
  pruneopts = ""
  revision = "30be6041bed523c18e269a700ebd9c2ea9328574"
  version = "v1.4.1"

[[projects]]
  digest = "1:198af4ad42013a3779477b597458f860a6a99e57e1674fa4f61eb04b8b5b768f"
  name = "github.com/klauspost/cpuid"
  packages = ["."]
  pruneopts = ""
  revision = "e7e905edc00ea8827e58662220139109efea09db"
  version = "v1.2.0"

[[projects]]
  digest = "1:d6d5d5846b6a1438e8d08cf6b19dff7d5133e81b10fad3b1b13ebbee81bb0498"
  name = "github.com/klauspost/crc32"
  packages = ["."]
  pruneopts = ""
  revision = "cb6bfca970f6908083f26f39a79009d608efd5cd"
  version = "v1.1"

[[projects]]
  digest = "1:622708f547271dc87a65afefd9430dbaa9ac42ac3d9a34d29f701ec6b0d6a99f"
  name = "github.com/klauspost/pgzip"
  packages = ["."]
  pruneopts = ""
  revision = "0bf5dcad4ada2814c3c00f996a982270bb81a506"
  version = "v1.1"

[[projects]]
  digest = "1:6a874e3ddfb9db2b42bd8c85b6875407c702fa868eed20634ff489bc896ccfd3"
  name = "github.com/konsorten/go-windows-terminal-sequences"
  packages = ["."]
  pruneopts = ""
  revision = "5c8c8bd35d3832f5d134ae1e1e375b69a4d25242"
  version = "v1.0.1"

[[projects]]
  digest = "1:e4037684bfd5b44c7304d42fd91ec5d04e1e82e7d51c0c1acb249137334fc4e5"
  name = "github.com/matm/gocov-html"
  packages = [
    ".",
    "cov",
  ]
  pruneopts = ""
  revision = "b72939949367438bf52c0cf976f22daa6777b509"
  version = "v1.1"

[[projects]]
  digest = "1:9fa4a4a684dfb36f3ba1b0a163225140e19e3219e5576d0761d02dbd4c31b743"
  name = "github.com/nicksnyder/go-i18n"
  packages = [
    "i18n",
    "i18n/bundle",
    "i18n/language",
    "i18n/translation",
  ]
  pruneopts = ""
  revision = "0dc1626d56435e9d605a29875701721c54bc9bbd"
  version = "v1.10.0"

[[projects]]
  digest = "1:894aef961c056b6d85d12bac890bf60c44e99b46292888bfa66caf529f804457"
  name = "github.com/pelletier/go-toml"
  packages = ["."]
  pruneopts = ""
  revision = "c01d1270ff3e442a8a57cddc1c92dc1138598194"
  version = "v1.2.0"

[[projects]]
  digest = "1:7365acd48986e205ccb8652cc746f09c8b7876030d53710ea6ef7d0bd0dcd7ca"
  name = "github.com/pkg/errors"
  packages = ["."]
  pruneopts = ""
  revision = "645ef00459ed84a119197bfb8d8205042c6df63d"
  version = "v0.8.0"

[[projects]]
  digest = "1:256484dbbcd271f9ecebc6795b2df8cad4c458dd0f5fd82a8c2fa0c29f233411"
  name = "github.com/pmezard/go-difflib"
  packages = ["difflib"]
  pruneopts = ""
  revision = "792786c7400a136282c1664665ae0a8db921c6c2"
  version = "v1.0.0"

[[projects]]
  digest = "1:3cc6cc81e607288ff63cc34b8b8f5f57a0f47e5bc554b86e31bf723612121763"
  name = "github.com/pressly/chi"
  packages = ["."]
  pruneopts = ""
  revision = "b5294d10673813fac8558e7f47242bc9e61b4c25"
  version = "v3.3.3"

[[projects]]
  digest = "1:2d0dc026c4aef5e2f3a0e06a4dabe268b840d8f63190cf6894e02134a03f52c5"
  name = "github.com/stretchr/testify"
  packages = [
    "assert",
    "require",
  ]
  pruneopts = ""
  revision = "b91bfb9ebec76498946beb6af7c0230c7cc7ba6c"
  version = "v1.2.0"

[[projects]]
  branch = "master"
  digest = "1:18d82d5070c23e604a017ff951fb23f971f5495af3f02932c0b622f2a8746042"
  name = "github.com/yuin/gopher-lua"
  packages = [
    ".",
    "ast",
    "parse",
    "pm",
  ]
  pruneopts = ""
  revision = "a0dfe84f6227cda1c5f975bf3e35d55ae0d3df61"

[[projects]]
  digest = "1:74f86c458e82e1c4efbab95233e0cf51b7cc02dc03193be9f62cd81224e10401"
  name = "go.uber.org/atomic"
  packages = ["."]
  pruneopts = ""
  revision = "1ea20fb1cbb1cc08cbd0d913a96dead89aa18289"
  version = "v1.3.2"

[[projects]]
  digest = "1:22c7effcb4da0eacb2bb1940ee173fac010e9ef3c691f5de4b524d538bd980f5"
  name = "go.uber.org/multierr"
  packages = ["."]
  pruneopts = ""
  revision = "3c4937480c32f4c13a875a1829af76c98ca3d40a"
  version = "v1.1.0"

[[projects]]
  digest = "1:6c2f76bad9a8ae48ec06108899e065a327d01afa43300f652443a05678cdca17"
  name = "go.uber.org/zap"
  packages = [
    ".",
    "buffer",
    "internal/bufferpool",
    "internal/color",
    "internal/exit",
    "zapcore",
  ]
  pruneopts = ""
  revision = "eeedf312bc6c57391d84767a4cd413f02a917974"
  version = "v1.8.0"

[[projects]]
  branch = "master"
  digest = "1:f7be435e0ca22e2cd62b2d2542081a231685837170a87a3662abb7cdf9f3f1cd"
  name = "golang.org/x/crypto"
  packages = ["ssh/terminal"]
  pruneopts = ""
  revision = "3d3f9f413869b949e48070b5bc593aa22cc2b8f2"

[[projects]]
  branch = "master"
  digest = "1:faf4a89010f1940f893c33690418a1b05f25ce4d7c849fe677ca15621c08a1fd"
  name = "golang.org/x/lint"
  packages = [
    ".",
    "golint",
  ]
  pruneopts = ""
  revision = "c67002cb31c3a748b7688c27f20d8358b4193582"

[[projects]]
  digest = "1:ac3ee562ea184c7b47276d00d7bec2a0ac19fd87451125d57a432a934e65a6e4"
  name = "golang.org/x/net"
  packages = [
    "context",
    "context/ctxhttp",
  ]
  pruneopts = ""
  revision = "66aacef3dd8a676686c7ae3716979581e8b03c47"

[[projects]]
  branch = "master"
  digest = "1:3f5c191d90f1cf365ff1f88e4b08eb766ee6ade1cb2e4efd7c316cf7e015ac17"
  name = "golang.org/x/sys"
  packages = [
    "unix",
    "windows",
  ]
  pruneopts = ""
  revision = "66b7b1311ac80bbafcd2daeef9a5e6e2cd1e2399"

[[projects]]
  branch = "master"
  digest = "1:8aa6b2eb700d0be5b7429ad690fbd6b2d9b93abeac76da62a879bc14734047f1"
  name = "golang.org/x/tools"
  packages = [
    "cmd/goimports",
    "cover",
    "go/ast/astutil",
    "go/gcexportdata",
    "go/internal/gcimporter",
    "go/types/typeutil",
    "imports",
    "internal/fastwalk",
    "internal/gopathwalk",
  ]
  pruneopts = ""
  revision = "4b1f3b6b1646cd96503e999bfa428631d60c74ca"

[[projects]]
  branch = "v3-unstable"
  digest = "1:7c4ffda5286eb300da092725594bcab1d204798f5a30c48336c8e5750d405352"
  name = "gopkg.in/alecthomas/kingpin.v3-unstable"
  packages = ["."]
  pruneopts = ""
  revision = "df19058c872cddcd279411d709047160e543a700"

[[projects]]
  digest = "1:f0620375dd1f6251d9973b5f2596228cc8042e887cd7f827e4220bc1ce8c30e2"
  name = "gopkg.in/yaml.v2"
  packages = ["."]
  pruneopts = ""
  revision = "5420a8b6744d3b0345ab293f6fcba19c978f1183"
  version = "v2.2.1"

[solve-meta]
  analyzer-name = "dep"
  analyzer-version = 1
  input-imports = [
    "github.com/AlekSi/gocov-xml",
    "github.com/alecthomas/gometalinter",
    "github.com/alicebob/miniredis",
    "github.com/andres-erbsen/clock",
    "github.com/apourchet/commander",
    "github.com/axw/gocov/gocov",
    "github.com/client9/misspell/cmd/misspell",
    "github.com/docker/distribution/registry/client/auth",
    "github.com/docker/distribution/registry/client/auth/challenge",
    "github.com/docker/distribution/registry/client/transport",
    "github.com/docker/engine-api/types",
    "github.com/garyburd/redigo/redis",
    "github.com/golang/mock/gomock",
    "github.com/golang/mock/mockgen",
    "github.com/juju/ratelimit",
    "github.com/klauspost/pgzip",
    "github.com/matm/gocov-html",
    "github.com/pkg/errors",
    "github.com/pressly/chi",
    "github.com/stretchr/testify/require",
    "go.uber.org/zap",
    "golang.org/x/lint/golint",
    "golang.org/x/net/context/ctxhttp",
    "golang.org/x/tools/cmd/goimports",
    "gopkg.in/yaml.v2",
  ]
  solver-name = "gps-cdcl"
  solver-version = 1
