# This file is autogenerated, do not edit; changes may be undone by the next 'dep ensure'.


[[projects]]
  branch = "master"
  digest = "1:a621cf5671d76af0f66731e0de94a441971315845d0b228601c04b1e0a329b01"
  name = "github.com/AlekSi/gocov-xml"
  packages = ["."]
  pruneopts = ""
  revision = "dee33fe4b4adad5fdcad993f498fb4450d5be0a1"

[[projects]]
  branch = "master"
  digest = "1:9058597b266993ad136b22ffd05a53a47afc5c19ce3e4d5a2ed6da19406eead6"
  name = "github.com/axw/gocov"
  packages = [
    ".",
    "gocov",
    "gocov/internal/testflag",
    "gocovutil",
  ]
  pruneopts = ""
  revision = "3a69a0d2a4ef1f263e2d92b041a69593d6964fe8"

[[projects]]
  digest = "1:56c130d885a4aacae1dd9c7b71cfe39912c7ebc1ff7d2b46083c8812996dc43b"
  name = "github.com/davecgh/go-spew"
  packages = ["spew"]
  pruneopts = ""
  revision = "346938d642f2ec3594ed81d874461961cd0faa76"
  version = "v1.1.0"

[[projects]]
  digest = "1:73a7106c799f98af4f3da7552906efc6a2570329f4cd2d2f5fb8f9d6c053ff2f"
  name = "github.com/golang/mock"
  packages = [
    "gomock",
    "mockgen",
    "mockgen/model",
  ]
  pruneopts = ""
  revision = "c34cdb4725f4c3844d095133c6e40e448b86589b"
  version = "v1.1.1"

[[projects]]
  digest = "1:e4037684bfd5b44c7304d42fd91ec5d04e1e82e7d51c0c1acb249137334fc4e5"
  name = "github.com/matm/gocov-html"
  packages = [
    ".",
    "cov",
  ]
  pruneopts = ""
  revision = "b72939949367438bf52c0cf976f22daa6777b509"
  version = "v1.1"

[[projects]]
  digest = "1:256484dbbcd271f9ecebc6795b2df8cad4c458dd0f5fd82a8c2fa0c29f233411"
  name = "github.com/pmezard/go-difflib"
  packages = ["difflib"]
  pruneopts = ""
  revision = "792786c7400a136282c1664665ae0a8db921c6c2"
  version = "v1.0.0"

[[projects]]
  digest = "1:3cc6cc81e607288ff63cc34b8b8f5f57a0f47e5bc554b86e31bf723612121763"
  name = "github.com/pressly/chi"
  packages = ["."]
  pruneopts = ""
  revision = "b5294d10673813fac8558e7f47242bc9e61b4c25"
  version = "v3.3.3"

[[projects]]
  digest = "1:2d0dc026c4aef5e2f3a0e06a4dabe268b840d8f63190cf6894e02134a03f52c5"
  name = "github.com/stretchr/testify"
  packages = [
    "assert",
    "require",
  ]
  pruneopts = ""
  revision = "b91bfb9ebec76498946beb6af7c0230c7cc7ba6c"
  version = "v1.2.0"

[[projects]]
  digest = "1:74f86c458e82e1c4efbab95233e0cf51b7cc02dc03193be9f62cd81224e10401"
  name = "go.uber.org/atomic"
  packages = ["."]
  pruneopts = ""
  revision = "1ea20fb1cbb1cc08cbd0d913a96dead89aa18289"
  version = "v1.3.2"

[[projects]]
  digest = "1:22c7effcb4da0eacb2bb1940ee173fac010e9ef3c691f5de4b524d538bd980f5"
  name = "go.uber.org/multierr"
  packages = ["."]
  pruneopts = ""
  revision = "3c4937480c32f4c13a875a1829af76c98ca3d40a"
  version = "v1.1.0"

[[projects]]
  digest = "1:6c2f76bad9a8ae48ec06108899e065a327d01afa43300f652443a05678cdca17"
  name = "go.uber.org/zap"
  packages = [
    ".",
    "buffer",
    "internal/bufferpool",
    "internal/color",
    "internal/exit",
    "zapcore",
  ]
  pruneopts = ""
  revision = "eeedf312bc6c57391d84767a4cd413f02a917974"
  version = "v1.8.0"

[[projects]]
  branch = "master"
  digest = "1:faf4a89010f1940f893c33690418a1b05f25ce4d7c849fe677ca15621c08a1fd"
  name = "golang.org/x/lint"
  packages = [
    ".",
    "golint",
  ]
  pruneopts = ""
  revision = "c67002cb31c3a748b7688c27f20d8358b4193582"

[[projects]]
  digest = "1:ac3ee562ea184c7b47276d00d7bec2a0ac19fd87451125d57a432a934e65a6e4"
  name = "golang.org/x/net"
  packages = ["context"]
  pruneopts = ""
  revision = "66aacef3dd8a676686c7ae3716979581e8b03c47"

[[projects]]
  branch = "master"
  digest = "1:8aa6b2eb700d0be5b7429ad690fbd6b2d9b93abeac76da62a879bc14734047f1"
  name = "golang.org/x/tools"
  packages = [
    "cmd/goimports",
    "cover",
    "go/ast/astutil",
    "go/gcexportdata",
    "go/internal/gcimporter",
    "go/types/typeutil",
    "imports",
    "internal/fastwalk",
    "internal/gopathwalk",
  ]
  pruneopts = ""
  revision = "4b1f3b6b1646cd96503e999bfa428631d60c74ca"

[solve-meta]
  analyzer-name = "dep"
  analyzer-version = 1
  input-imports = [
    "github.com/AlekSi/gocov-xml",
    "github.com/axw/gocov/gocov",
    "github.com/golang/mock/gomock",
    "github.com/golang/mock/mockgen",
    "github.com/matm/gocov-html",
    "github.com/pressly/chi",
    "github.com/stretchr/testify/require",
    "go.uber.org/zap",
    "golang.org/x/lint/golint",
    "golang.org/x/tools/cmd/goimports",
  ]
  solver-name = "gps-cdcl"
  solver-version = 1
